
Microsoft Visual Studio Solution File, Format Version 12.00
# Visual Studio Version 17
VisualStudioVersion = 17.10.35122.118
MinimumVisualStudioVersion = 10.0.40219.1
Project("{FAE04EC0-301F-11D3-BF4B-00C04F79EFBC}") = "Laboratorio2", "Laboratorio2\Laboratorio2.csproj", "{43273682-6B66-48C8-AF4A-A5D46FDA28EF}"
EndProject
Global
	GlobalSection(SolutionConfigurationPlatforms) = preSolution
		Debug|Any CPU = Debug|Any CPU
		Release|Any CPU = Release|Any CPU
	EndGlobalSection
	GlobalSection(ProjectConfigurationPlatforms) = postSolution
		{43273682-6B66-48C8-AF4A-A5D46FDA28EF}.Debug|Any CPU.ActiveCfg = Debug|Any CPU
		{43273682-6B66-48C8-AF4A-A5D46FDA28EF}.Debug|Any CPU.Build.0 = Debug|Any CPU
		{43273682-6B66-48C8-AF4A-A5D46FDA28EF}.Release|Any CPU.ActiveCfg = Release|Any CPU
		{43273682-6B66-48C8-AF4A-A5D46FDA28EF}.Release|Any CPU.Build.0 = Release|Any CPU
	EndGlobalSection
	GlobalSection(SolutionProperties) = preSolution
		HideSolutionNode = FALSE
	EndGlobalSection
	GlobalSection(ExtensibilityGlobals) = postSolution
		SolutionGuid = {25B9C49A-40AE-451E-9BA2-53C47B091F67}
	EndGlobalSection
EndGlobal
